
Microsoft Visual Studio Solution File, Format Version 12.00
# Visual Studio 15
VisualStudioVersion = 15.0.27130.2027
MinimumVisualStudioVersion = 10.0.40219.1
Project("{9A19103F-16F7-4668-BE54-9A1E7A4F7556}") = "TA.API", "TA.API\TA.API.csproj", "{8CB26543-7B2E-4C98-A643-E8B4E70077BB}"
EndProject
Project("{9A19103F-16F7-4668-BE54-9A1E7A4F7556}") = "TA.DataAccess", "TA.DataAccess\TA.DataAccess.csproj", "{F2EF9BEA-FB0B-4755-9100-2E2D55880D73}"
EndProject
Project("{9A19103F-16F7-4668-BE54-9A1E7A4F7556}") = "TA.Entities", "TA.Entities\TA.Entities.csproj", "{95001529-2094-4529-B429-F382F5E5941B}"
EndProject
Project("{9A19103F-16F7-4668-BE54-9A1E7A4F7556}") = "TA.Services", "TA.Services\TA.Services.csproj", "{9C6CAF4D-1687-479D-AEFE-49E276272D14}"
EndProject
Global
	GlobalSection(SolutionConfigurationPlatforms) = preSolution
		Debug|Any CPU = Debug|Any CPU
		Release|Any CPU = Release|Any CPU
	EndGlobalSection
	GlobalSection(ProjectConfigurationPlatforms) = postSolution
		{8CB26543-7B2E-4C98-A643-E8B4E70077BB}.Debug|Any CPU.ActiveCfg = Debug|Any CPU
		{8CB26543-7B2E-4C98-A643-E8B4E70077BB}.Debug|Any CPU.Build.0 = Debug|Any CPU
		{8CB26543-7B2E-4C98-A643-E8B4E70077BB}.Release|Any CPU.ActiveCfg = Release|Any CPU
		{8CB26543-7B2E-4C98-A643-E8B4E70077BB}.Release|Any CPU.Build.0 = Release|Any CPU
		{F2EF9BEA-FB0B-4755-9100-2E2D55880D73}.Debug|Any CPU.ActiveCfg = Debug|Any CPU
		{F2EF9BEA-FB0B-4755-9100-2E2D55880D73}.Debug|Any CPU.Build.0 = Debug|Any CPU
		{F2EF9BEA-FB0B-4755-9100-2E2D55880D73}.Release|Any CPU.ActiveCfg = Release|Any CPU
		{F2EF9BEA-FB0B-4755-9100-2E2D55880D73}.Release|Any CPU.Build.0 = Release|Any CPU
		{95001529-2094-4529-B429-F382F5E5941B}.Debug|Any CPU.ActiveCfg = Debug|Any CPU
		{95001529-2094-4529-B429-F382F5E5941B}.Debug|Any CPU.Build.0 = Debug|Any CPU
		{95001529-2094-4529-B429-F382F5E5941B}.Release|Any CPU.ActiveCfg = Release|Any CPU
		{95001529-2094-4529-B429-F382F5E5941B}.Release|Any CPU.Build.0 = Release|Any CPU
		{9C6CAF4D-1687-479D-AEFE-49E276272D14}.Debug|Any CPU.ActiveCfg = Debug|Any CPU
		{9C6CAF4D-1687-479D-AEFE-49E276272D14}.Debug|Any CPU.Build.0 = Debug|Any CPU
		{9C6CAF4D-1687-479D-AEFE-49E276272D14}.Release|Any CPU.ActiveCfg = Release|Any CPU
		{9C6CAF4D-1687-479D-AEFE-49E276272D14}.Release|Any CPU.Build.0 = Release|Any CPU
	EndGlobalSection
	GlobalSection(SolutionProperties) = preSolution
		HideSolutionNode = FALSE
	EndGlobalSection
	GlobalSection(ExtensibilityGlobals) = postSolution
		SolutionGuid = {A81D6820-6F46-48AF-8CE6-4D95551E6AB5}
	EndGlobalSection
EndGlobal
